
Microsoft Visual Studio Solution File, Format Version 12.00
# Visual Studio Version 17
VisualStudioVersion = 17.4.33110.190
MinimumVisualStudioVersion = 10.0.40219.1
Project("{FAE04EC0-301F-11D3-BF4B-00C04F79EFBC}") = "Personenliste2", "Personenliste2.csproj", "{70393213-5A13-48DC-BF2A-C41CFFB95D53}"
EndProject
Global
	GlobalSection(SolutionConfigurationPlatforms) = preSolution
		Debug|Any CPU = Debug|Any CPU
		Release|Any CPU = Release|Any CPU
	EndGlobalSection
	GlobalSection(ProjectConfigurationPlatforms) = postSolution
		{70393213-5A13-48DC-BF2A-C41CFFB95D53}.Debug|Any CPU.ActiveCfg = Debug|Any CPU
		{70393213-5A13-48DC-BF2A-C41CFFB95D53}.Debug|Any CPU.Build.0 = Debug|Any CPU
		{70393213-5A13-48DC-BF2A-C41CFFB95D53}.Release|Any CPU.ActiveCfg = Release|Any CPU
		{70393213-5A13-48DC-BF2A-C41CFFB95D53}.Release|Any CPU.Build.0 = Release|Any CPU
	EndGlobalSection
	GlobalSection(SolutionProperties) = preSolution
		HideSolutionNode = FALSE
	EndGlobalSection
	GlobalSection(ExtensibilityGlobals) = postSolution
		SolutionGuid = {BAD4CD51-5F97-457E-ACA3-7E3D1E126D36}
	EndGlobalSection
EndGlobal
